// !$*UTF8*$!
{
	archiveVersion = 1;
	classes = {
	};
	objectVersion = 50;
	objects = {

/* Begin PBXBuildFile section */
		8F9490692577FAB700445CC5 /* main.cpp in Sources */ = {isa = PBXBuildFile; fileRef = 8F9490682577FAB700445CC5 /* main.cpp */; };
		8F9490772577FAD400445CC5 /* main.cpp in Sources */ = {isa = PBXBuildFile; fileRef = 8F9490762577FAD400445CC5 /* main.cpp */; };
		8F9490842577FDBE00445CC5 /* main.cpp in Sources */ = {isa = PBXBuildFile; fileRef = 8F9490832577FDBD00445CC5 /* main.cpp */; };
		8F9490922577FDF400445CC5 /* main.cpp in Sources */ = {isa = PBXBuildFile; fileRef = 8F9490912577FDF400445CC5 /* main.cpp */; };
/* End PBXBuildFile section */

/* Begin PBXCopyFilesBuildPhase section */
		8F9490632577FAB700445CC5 /* CopyFiles */ = {
			isa = PBXCopyFilesBuildPhase;
			buildActionMask = 2147483647;
			dstPath = /usr/share/man/man1/;
			dstSubfolderSpec = 0;
			files = (
			);
			runOnlyForDeploymentPostprocessing = 1;
		};
		8F9490722577FAD400445CC5 /* CopyFiles */ = {
			isa = PBXCopyFilesBuildPhase;
			buildActionMask = 2147483647;
			dstPath = /usr/share/man/man1/;
			dstSubfolderSpec = 0;
			files = (
			);
			runOnlyForDeploymentPostprocessing = 1;
		};
		8F94907F2577FDBD00445CC5 /* CopyFiles */ = {
			isa = PBXCopyFilesBuildPhase;
			buildActionMask = 2147483647;
			dstPath = /usr/share/man/man1/;
			dstSubfolderSpec = 0;
			files = (
			);
			runOnlyForDeploymentPostprocessing = 1;
		};
		8F94908D2577FDF400445CC5 /* CopyFiles */ = {
			isa = PBXCopyFilesBuildPhase;
			buildActionMask = 2147483647;
			dstPath = /usr/share/man/man1/;
			dstSubfolderSpec = 0;
			files = (
			);
			runOnlyForDeploymentPostprocessing = 1;
		};
/* End PBXCopyFilesBuildPhase section */

/* Begin PBXFileReference section */
		8F9490652577FAB700445CC5 /* Week12(BFS) */ = {isa = PBXFileReference; explicitFileType = "compiled.mach-o.executable"; includeInIndex = 0; path = "Week12(BFS)"; sourceTree = BUILT_PRODUCTS_DIR; };
		8F9490682577FAB700445CC5 /* main.cpp */ = {isa = PBXFileReference; lastKnownFileType = sourcecode.cpp.cpp; path = main.cpp; sourceTree = "<group>"; };
		8F9490742577FAD400445CC5 /* Problem A (Breadth First Search) */ = {isa = PBXFileReference; explicitFileType = "compiled.mach-o.executable"; includeInIndex = 0; path = "Problem A (Breadth First Search)"; sourceTree = BUILT_PRODUCTS_DIR; };
		8F9490762577FAD400445CC5 /* main.cpp */ = {isa = PBXFileReference; lastKnownFileType = sourcecode.cpp.cpp; path = main.cpp; sourceTree = "<group>"; };
		8F9490812577FDBD00445CC5 /* Problem B (The shortest distance) */ = {isa = PBXFileReference; explicitFileType = "compiled.mach-o.executable"; includeInIndex = 0; path = "Problem B (The shortest distance)"; sourceTree = BUILT_PRODUCTS_DIR; };
		8F9490832577FDBD00445CC5 /* main.cpp */ = {isa = PBXFileReference; lastKnownFileType = sourcecode.cpp.cpp; path = main.cpp; sourceTree = "<group>"; };
		8F94908F2577FDF400445CC5 /* Problem C (Complete graph - 2) */ = {isa = PBXFileReference; explicitFileType = "compiled.mach-o.executable"; includeInIndex = 0; path = "Problem C (Complete graph - 2)"; sourceTree = BUILT_PRODUCTS_DIR; };
		8F9490912577FDF400445CC5 /* main.cpp */ = {isa = PBXFileReference; lastKnownFileType = sourcecode.cpp.cpp; path = main.cpp; sourceTree = "<group>"; };
/* End PBXFileReference section */

/* Begin PBXFrameworksBuildPhase section */
		8F9490622577FAB700445CC5 /* Frameworks */ = {
			isa = PBXFrameworksBuildPhase;
			buildActionMask = 2147483647;
			files = (
			);
			runOnlyForDeploymentPostprocessing = 0;
		};
		8F9490712577FAD400445CC5 /* Frameworks */ = {
			isa = PBXFrameworksBuildPhase;
			buildActionMask = 2147483647;
			files = (
			);
			runOnlyForDeploymentPostprocessing = 0;
		};
		8F94907E2577FDBD00445CC5 /* Frameworks */ = {
			isa = PBXFrameworksBuildPhase;
			buildActionMask = 2147483647;
			files = (
			);
			runOnlyForDeploymentPostprocessing = 0;
		};
		8F94908C2577FDF400445CC5 /* Frameworks */ = {
			isa = PBXFrameworksBuildPhase;
			buildActionMask = 2147483647;
			files = (
			);
			runOnlyForDeploymentPostprocessing = 0;
		};
/* End PBXFrameworksBuildPhase section */

/* Begin PBXGroup section */
		8F94905C2577FAB700445CC5 = {
			isa = PBXGroup;
			children = (
				8F9490672577FAB700445CC5 /* Week12(BFS) */,
				8F9490752577FAD400445CC5 /* Problem A (Breadth First Search) */,
				8F9490822577FDBD00445CC5 /* Problem B (The shortest distance) */,
				8F9490902577FDF400445CC5 /* Problem C (Complete graph - 2) */,
				8F9490662577FAB700445CC5 /* Products */,
			);
			sourceTree = "<group>";
		};
		8F9490662577FAB700445CC5 /* Products */ = {
			isa = PBXGroup;
			children = (
				8F9490652577FAB700445CC5 /* Week12(BFS) */,
				8F9490742577FAD400445CC5 /* Problem A (Breadth First Search) */,
				8F9490812577FDBD00445CC5 /* Problem B (The shortest distance) */,
				8F94908F2577FDF400445CC5 /* Problem C (Complete graph - 2) */,
			);
			name = Products;
			sourceTree = "<group>";
		};
		8F9490672577FAB700445CC5 /* Week12(BFS) */ = {
			isa = PBXGroup;
			children = (
				8F9490682577FAB700445CC5 /* main.cpp */,
			);
			path = "Week12(BFS)";
			sourceTree = "<group>";
		};
		8F9490752577FAD400445CC5 /* Problem A (Breadth First Search) */ = {
			isa = PBXGroup;
			children = (
				8F9490762577FAD400445CC5 /* main.cpp */,
			);
			path = "Problem A (Breadth First Search)";
			sourceTree = "<group>";
		};
		8F9490822577FDBD00445CC5 /* Problem B (The shortest distance) */ = {
			isa = PBXGroup;
			children = (
				8F9490832577FDBD00445CC5 /* main.cpp */,
			);
			path = "Problem B (The shortest distance)";
			sourceTree = "<group>";
		};
		8F9490902577FDF400445CC5 /* Problem C (Complete graph - 2) */ = {
			isa = PBXGroup;
			children = (
				8F9490912577FDF400445CC5 /* main.cpp */,
			);
			path = "Problem C (Complete graph - 2)";
			sourceTree = "<group>";
		};
/* End PBXGroup section */

/* Begin PBXNativeTarget section */
		8F9490642577FAB700445CC5 /* Week12(BFS) */ = {
			isa = PBXNativeTarget;
			buildConfigurationList = 8F94906C2577FAB700445CC5 /* Build configuration list for PBXNativeTarget "Week12(BFS)" */;
			buildPhases = (
				8F9490612577FAB700445CC5 /* Sources */,
				8F9490622577FAB700445CC5 /* Frameworks */,
				8F9490632577FAB700445CC5 /* CopyFiles */,
			);
			buildRules = (
			);
			dependencies = (
			);
			name = "Week12(BFS)";
			productName = "Week12(BFS)";
			productReference = 8F9490652577FAB700445CC5 /* Week12(BFS) */;
			productType = "com.apple.product-type.tool";
		};
		8F9490732577FAD400445CC5 /* Problem A (Breadth First Search) */ = {
			isa = PBXNativeTarget;
			buildConfigurationList = 8F9490782577FAD400445CC5 /* Build configuration list for PBXNativeTarget "Problem A (Breadth First Search)" */;
			buildPhases = (
				8F9490702577FAD400445CC5 /* Sources */,
				8F9490712577FAD400445CC5 /* Frameworks */,
				8F9490722577FAD400445CC5 /* CopyFiles */,
			);
			buildRules = (
			);
			dependencies = (
			);
			name = "Problem A (Breadth First Search)";
			productName = "Problem A (Breadth First Search)";
			productReference = 8F9490742577FAD400445CC5 /* Problem A (Breadth First Search) */;
			productType = "com.apple.product-type.tool";
		};
		8F9490802577FDBD00445CC5 /* Problem B (The shortest distance) */ = {
			isa = PBXNativeTarget;
			buildConfigurationList = 8F9490852577FDBE00445CC5 /* Build configuration list for PBXNativeTarget "Problem B (The shortest distance)" */;
			buildPhases = (
				8F94907D2577FDBD00445CC5 /* Sources */,
				8F94907E2577FDBD00445CC5 /* Frameworks */,
				8F94907F2577FDBD00445CC5 /* CopyFiles */,
			);
			buildRules = (
			);
			dependencies = (
			);
			name = "Problem B (The shortest distance)";
			productName = "Problem B (The shortest distance)";
			productReference = 8F9490812577FDBD00445CC5 /* Problem B (The shortest distance) */;
			productType = "com.apple.product-type.tool";
		};
		8F94908E2577FDF400445CC5 /* Problem C (Complete graph - 2) */ = {
			isa = PBXNativeTarget;
			buildConfigurationList = 8F9490932577FDF400445CC5 /* Build configuration list for PBXNativeTarget "Problem C (Complete graph - 2)" */;
			buildPhases = (
				8F94908B2577FDF400445CC5 /* Sources */,
				8F94908C2577FDF400445CC5 /* Frameworks */,
				8F94908D2577FDF400445CC5 /* CopyFiles */,
			);
			buildRules = (
			);
			dependencies = (
			);
			name = "Problem C (Complete graph - 2)";
			productName = "Problem C (Complete graph - 2)";
			productReference = 8F94908F2577FDF400445CC5 /* Problem C (Complete graph - 2) */;
			productType = "com.apple.product-type.tool";
		};
/* End PBXNativeTarget section */

/* Begin PBXProject section */
		8F94905D2577FAB700445CC5 /* Project object */ = {
			isa = PBXProject;
			attributes = {
				LastUpgradeCheck = 1220;
				TargetAttributes = {
					8F9490642577FAB700445CC5 = {
						CreatedOnToolsVersion = 12.2;
					};
					8F9490732577FAD400445CC5 = {
						CreatedOnToolsVersion = 12.2;
					};
					8F9490802577FDBD00445CC5 = {
						CreatedOnToolsVersion = 12.2;
					};
					8F94908E2577FDF400445CC5 = {
						CreatedOnToolsVersion = 12.2;
					};
				};
			};
			buildConfigurationList = 8F9490602577FAB700445CC5 /* Build configuration list for PBXProject "Week12(BFS)" */;
			compatibilityVersion = "Xcode 9.3";
			developmentRegion = en;
			hasScannedForEncodings = 0;
			knownRegions = (
				en,
				Base,
			);
			mainGroup = 8F94905C2577FAB700445CC5;
			productRefGroup = 8F9490662577FAB700445CC5 /* Products */;
			projectDirPath = "";
			projectRoot = "";
			targets = (
				8F9490642577FAB700445CC5 /* Week12(BFS) */,
				8F9490732577FAD400445CC5 /* Problem A (Breadth First Search) */,
				8F9490802577FDBD00445CC5 /* Problem B (The shortest distance) */,
				8F94908E2577FDF400445CC5 /* Problem C (Complete graph - 2) */,
			);
		};
/* End PBXProject section */

/* Begin PBXSourcesBuildPhase section */
		8F9490612577FAB700445CC5 /* Sources */ = {
			isa = PBXSourcesBuildPhase;
			buildActionMask = 2147483647;
			files = (
				8F9490692577FAB700445CC5 /* main.cpp in Sources */,
			);
			runOnlyForDeploymentPostprocessing = 0;
		};
		8F9490702577FAD400445CC5 /* Sources */ = {
			isa = PBXSourcesBuildPhase;
			buildActionMask = 2147483647;
			files = (
				8F9490772577FAD400445CC5 /* main.cpp in Sources */,
			);
			runOnlyForDeploymentPostprocessing = 0;
		};
		8F94907D2577FDBD00445CC5 /* Sources */ = {
			isa = PBXSourcesBuildPhase;
			buildActionMask = 2147483647;
			files = (
				8F9490842577FDBE00445CC5 /* main.cpp in Sources */,
			);
			runOnlyForDeploymentPostprocessing = 0;
		};
		8F94908B2577FDF400445CC5 /* Sources */ = {
			isa = PBXSourcesBuildPhase;
			buildActionMask = 2147483647;
			files = (
				8F9490922577FDF400445CC5 /* main.cpp in Sources */,
			);
			runOnlyForDeploymentPostprocessing = 0;
		};
/* End PBXSourcesBuildPhase section */

/* Begin XCBuildConfiguration section */
		8F94906A2577FAB700445CC5 /* Debug */ = {
			isa = XCBuildConfiguration;
			buildSettings = {
				ALWAYS_SEARCH_USER_PATHS = NO;
				CLANG_ANALYZER_NONNULL = YES;
				CLANG_ANALYZER_NUMBER_OBJECT_CONVERSION = YES_AGGRESSIVE;
				CLANG_CXX_LANGUAGE_STANDARD = "gnu++14";
				CLANG_CXX_LIBRARY = "libc++";
				CLANG_ENABLE_MODULES = YES;
				CLANG_ENABLE_OBJC_ARC = YES;
				CLANG_ENABLE_OBJC_WEAK = YES;
				CLANG_WARN_BLOCK_CAPTURE_AUTORELEASING = YES;
				CLANG_WARN_BOOL_CONVERSION = YES;
				CLANG_WARN_COMMA = YES;
				CLANG_WARN_CONSTANT_CONVERSION = YES;
				CLANG_WARN_DEPRECATED_OBJC_IMPLEMENTATIONS = YES;
				CLANG_WARN_DIRECT_OBJC_ISA_USAGE = YES_ERROR;
				CLANG_WARN_DOCUMENTATION_COMMENTS = YES;
				CLANG_WARN_EMPTY_BODY = YES;
				CLANG_WARN_ENUM_CONVERSION = YES;
				CLANG_WARN_INFINITE_RECURSION = YES;
				CLANG_WARN_INT_CONVERSION = YES;
				CLANG_WARN_NON_LITERAL_NULL_CONVERSION = YES;
				CLANG_WARN_OBJC_IMPLICIT_RETAIN_SELF = YES;
				CLANG_WARN_OBJC_LITERAL_CONVERSION = YES;
				CLANG_WARN_OBJC_ROOT_CLASS = YES_ERROR;
				CLANG_WARN_QUOTED_INCLUDE_IN_FRAMEWORK_HEADER = YES;
				CLANG_WARN_RANGE_LOOP_ANALYSIS = YES;
				CLANG_WARN_STRICT_PROTOTYPES = YES;
				CLANG_WARN_SUSPICIOUS_MOVE = YES;
				CLANG_WARN_UNGUARDED_AVAILABILITY = YES_AGGRESSIVE;
				CLANG_WARN_UNREACHABLE_CODE = YES;
				CLANG_WARN__DUPLICATE_METHOD_MATCH = YES;
				COPY_PHASE_STRIP = NO;
				DEBUG_INFORMATION_FORMAT = dwarf;
				ENABLE_STRICT_OBJC_MSGSEND = YES;
				ENABLE_TESTABILITY = YES;
				GCC_C_LANGUAGE_STANDARD = gnu11;
				GCC_DYNAMIC_NO_PIC = NO;
				GCC_NO_COMMON_BLOCKS = YES;
				GCC_OPTIMIZATION_LEVEL = 0;
				GCC_PREPROCESSOR_DEFINITIONS = (
					"DEBUG=1",
					"$(inherited)",
				);
				GCC_WARN_64_TO_32_BIT_CONVERSION = YES;
				GCC_WARN_ABOUT_RETURN_TYPE = YES_ERROR;
				GCC_WARN_UNDECLARED_SELECTOR = YES;
				GCC_WARN_UNINITIALIZED_AUTOS = YES_AGGRESSIVE;
				GCC_WARN_UNUSED_FUNCTION = YES;
				GCC_WARN_UNUSED_VARIABLE = YES;
				MACOSX_DEPLOYMENT_TARGET = 11.0;
				MTL_ENABLE_DEBUG_INFO = INCLUDE_SOURCE;
				MTL_FAST_MATH = YES;
				ONLY_ACTIVE_ARCH = YES;
				SDKROOT = macosx;
			};
			name = Debug;
		};
		8F94906B2577FAB700445CC5 /* Release */ = {
			isa = XCBuildConfiguration;
			buildSettings = {
				ALWAYS_SEARCH_USER_PATHS = NO;
				CLANG_ANALYZER_NONNULL = YES;
				CLANG_ANALYZER_NUMBER_OBJECT_CONVERSION = YES_AGGRESSIVE;
				CLANG_CXX_LANGUAGE_STANDARD = "gnu++14";
				CLANG_CXX_LIBRARY = "libc++";
				CLANG_ENABLE_MODULES = YES;
				CLANG_ENABLE_OBJC_ARC = YES;
				CLANG_ENABLE_OBJC_WEAK = YES;
				CLANG_WARN_BLOCK_CAPTURE_AUTORELEASING = YES;
				CLANG_WARN_BOOL_CONVERSION = YES;
				CLANG_WARN_COMMA = YES;
				CLANG_WARN_CONSTANT_CONVERSION = YES;
				CLANG_WARN_DEPRECATED_OBJC_IMPLEMENTATIONS = YES;
				CLANG_WARN_DIRECT_OBJC_ISA_USAGE = YES_ERROR;
				CLANG_WARN_DOCUMENTATION_COMMENTS = YES;
				CLANG_WARN_EMPTY_BODY = YES;
				CLANG_WARN_ENUM_CONVERSION = YES;
				CLANG_WARN_INFINITE_RECURSION = YES;
				CLANG_WARN_INT_CONVERSION = YES;
				CLANG_WARN_NON_LITERAL_NULL_CONVERSION = YES;
				CLANG_WARN_OBJC_IMPLICIT_RETAIN_SELF = YES;
				CLANG_WARN_OBJC_LITERAL_CONVERSION = YES;
				CLANG_WARN_OBJC_ROOT_CLASS = YES_ERROR;
				CLANG_WARN_QUOTED_INCLUDE_IN_FRAMEWORK_HEADER = YES;
				CLANG_WARN_RANGE_LOOP_ANALYSIS = YES;
				CLANG_WARN_STRICT_PROTOTYPES = YES;
				CLANG_WARN_SUSPICIOUS_MOVE = YES;
				CLANG_WARN_UNGUARDED_AVAILABILITY = YES_AGGRESSIVE;
				CLANG_WARN_UNREACHABLE_CODE = YES;
				CLANG_WARN__DUPLICATE_METHOD_MATCH = YES;
				COPY_PHASE_STRIP = NO;
				DEBUG_INFORMATION_FORMAT = "dwarf-with-dsym";
				ENABLE_NS_ASSERTIONS = NO;
				ENABLE_STRICT_OBJC_MSGSEND = YES;
				GCC_C_LANGUAGE_STANDARD = gnu11;
				GCC_NO_COMMON_BLOCKS = YES;
				GCC_WARN_64_TO_32_BIT_CONVERSION = YES;
				GCC_WARN_ABOUT_RETURN_TYPE = YES_ERROR;
				GCC_WARN_UNDECLARED_SELECTOR = YES;
				GCC_WARN_UNINITIALIZED_AUTOS = YES_AGGRESSIVE;
				GCC_WARN_UNUSED_FUNCTION = YES;
				GCC_WARN_UNUSED_VARIABLE = YES;
				MACOSX_DEPLOYMENT_TARGET = 11.0;
				MTL_ENABLE_DEBUG_INFO = NO;
				MTL_FAST_MATH = YES;
				SDKROOT = macosx;
			};
			name = Release;
		};
		8F94906D2577FAB700445CC5 /* Debug */ = {
			isa = XCBuildConfiguration;
			buildSettings = {
				CODE_SIGN_STYLE = Automatic;
				DEVELOPMENT_TEAM = 55394Y5CD2;
				ENABLE_HARDENED_RUNTIME = YES;
				PRODUCT_NAME = "$(TARGET_NAME)";
			};
			name = Debug;
		};
		8F94906E2577FAB700445CC5 /* Release */ = {
			isa = XCBuildConfiguration;
			buildSettings = {
				CODE_SIGN_STYLE = Automatic;
				DEVELOPMENT_TEAM = 55394Y5CD2;
				ENABLE_HARDENED_RUNTIME = YES;
				PRODUCT_NAME = "$(TARGET_NAME)";
			};
			name = Release;
		};
		8F9490792577FAD400445CC5 /* Debug */ = {
			isa = XCBuildConfiguration;
			buildSettings = {
				CODE_SIGN_STYLE = Automatic;
				DEVELOPMENT_TEAM = 55394Y5CD2;
				ENABLE_HARDENED_RUNTIME = YES;
				PRODUCT_NAME = "$(TARGET_NAME)";
			};
			name = Debug;
		};
		8F94907A2577FAD400445CC5 /* Release */ = {
			isa = XCBuildConfiguration;
			buildSettings = {
				CODE_SIGN_STYLE = Automatic;
				DEVELOPMENT_TEAM = 55394Y5CD2;
				ENABLE_HARDENED_RUNTIME = YES;
				PRODUCT_NAME = "$(TARGET_NAME)";
			};
			name = Release;
		};
		8F9490862577FDBE00445CC5 /* Debug */ = {
			isa = XCBuildConfiguration;
			buildSettings = {
				CODE_SIGN_STYLE = Automatic;
				DEVELOPMENT_TEAM = 55394Y5CD2;
				ENABLE_HARDENED_RUNTIME = YES;
				PRODUCT_NAME = "$(TARGET_NAME)";
			};
			name = Debug;
		};
		8F9490872577FDBE00445CC5 /* Release */ = {
			isa = XCBuildConfiguration;
			buildSettings = {
				CODE_SIGN_STYLE = Automatic;
				DEVELOPMENT_TEAM = 55394Y5CD2;
				ENABLE_HARDENED_RUNTIME = YES;
				PRODUCT_NAME = "$(TARGET_NAME)";
			};
			name = Release;
		};
		8F9490942577FDF400445CC5 /* Debug */ = {
			isa = XCBuildConfiguration;
			buildSettings = {
				CODE_SIGN_STYLE = Automatic;
				DEVELOPMENT_TEAM = 55394Y5CD2;
				ENABLE_HARDENED_RUNTIME = YES;
				PRODUCT_NAME = "$(TARGET_NAME)";
			};
			name = Debug;
		};
		8F9490952577FDF400445CC5 /* Release */ = {
			isa = XCBuildConfiguration;
			buildSettings = {
				CODE_SIGN_STYLE = Automatic;
				DEVELOPMENT_TEAM = 55394Y5CD2;
				ENABLE_HARDENED_RUNTIME = YES;
				PRODUCT_NAME = "$(TARGET_NAME)";
			};
			name = Release;
		};
/* End XCBuildConfiguration section */

/* Begin XCConfigurationList section */
		8F9490602577FAB700445CC5 /* Build configuration list for PBXProject "Week12(BFS)" */ = {
			isa = XCConfigurationList;
			buildConfigurations = (
				8F94906A2577FAB700445CC5 /* Debug */,
				8F94906B2577FAB700445CC5 /* Release */,
			);
			defaultConfigurationIsVisible = 0;
			defaultConfigurationName = Release;
		};
		8F94906C2577FAB700445CC5 /* Build configuration list for PBXNativeTarget "Week12(BFS)" */ = {
			isa = XCConfigurationList;
			buildConfigurations = (
				8F94906D2577FAB700445CC5 /* Debug */,
				8F94906E2577FAB700445CC5 /* Release */,
			);
			defaultConfigurationIsVisible = 0;
			defaultConfigurationName = Release;
		};
		8F9490782577FAD400445CC5 /* Build configuration list for PBXNativeTarget "Problem A (Breadth First Search)" */ = {
			isa = XCConfigurationList;
			buildConfigurations = (
				8F9490792577FAD400445CC5 /* Debug */,
				8F94907A2577FAD400445CC5 /* Release */,
			);
			defaultConfigurationIsVisible = 0;
			defaultConfigurationName = Release;
		};
		8F9490852577FDBE00445CC5 /* Build configuration list for PBXNativeTarget "Problem B (The shortest distance)" */ = {
			isa = XCConfigurationList;
			buildConfigurations = (
				8F9490862577FDBE00445CC5 /* Debug */,
				8F9490872577FDBE00445CC5 /* Release */,
			);
			defaultConfigurationIsVisible = 0;
			defaultConfigurationName = Release;
		};
		8F9490932577FDF400445CC5 /* Build configuration list for PBXNativeTarget "Problem C (Complete graph - 2)" */ = {
			isa = XCConfigurationList;
			buildConfigurations = (
				8F9490942577FDF400445CC5 /* Debug */,
				8F9490952577FDF400445CC5 /* Release */,
			);
			defaultConfigurationIsVisible = 0;
			defaultConfigurationName = Release;
		};
/* End XCConfigurationList section */
	};
	rootObject = 8F94905D2577FAB700445CC5 /* Project object */;
}
