// !$*UTF8*$!
{
	archiveVersion = 1;
	classes = {
	};
	objectVersion = 50;
	objects = {

/* Begin PBXBuildFile section */
		8F00FCFE2589E67B0067BA31 /* main.cpp in Sources */ = {isa = PBXBuildFile; fileRef = 8F00FCFD2589E67B0067BA31 /* main.cpp */; };
		8F00FD0C2589E6B80067BA31 /* main.cpp in Sources */ = {isa = PBXBuildFile; fileRef = 8F00FD0B2589E6B80067BA31 /* main.cpp */; };
		8F00FD192589E6FD0067BA31 /* main.cpp in Sources */ = {isa = PBXBuildFile; fileRef = 8F00FD182589E6FD0067BA31 /* main.cpp */; };
		8F00FD272589E71F0067BA31 /* main.cpp in Sources */ = {isa = PBXBuildFile; fileRef = 8F00FD262589E71F0067BA31 /* main.cpp */; };
		8F00FD362589E7300067BA31 /* main.cpp in Sources */ = {isa = PBXBuildFile; fileRef = 8F00FD352589E7300067BA31 /* main.cpp */; };
		8F00FD462589E73C0067BA31 /* main.cpp in Sources */ = {isa = PBXBuildFile; fileRef = 8F00FD452589E73C0067BA31 /* main.cpp */; };
		8F00FD572589E7480067BA31 /* main.cpp in Sources */ = {isa = PBXBuildFile; fileRef = 8F00FD562589E7480067BA31 /* main.cpp */; };
		8F00FD692589E7530067BA31 /* main.cpp in Sources */ = {isa = PBXBuildFile; fileRef = 8F00FD682589E7530067BA31 /* main.cpp */; };
		8F00FD7C2589E7620067BA31 /* main.cpp in Sources */ = {isa = PBXBuildFile; fileRef = 8F00FD7B2589E7620067BA31 /* main.cpp */; };
		8F00FD902589E7710067BA31 /* main.cpp in Sources */ = {isa = PBXBuildFile; fileRef = 8F00FD8F2589E7710067BA31 /* main.cpp */; };
		8F00FDA52589E7820067BA31 /* main.cpp in Sources */ = {isa = PBXBuildFile; fileRef = 8F00FDA42589E7820067BA31 /* main.cpp */; };
		8F00FDBB2589E78F0067BA31 /* main.cpp in Sources */ = {isa = PBXBuildFile; fileRef = 8F00FDBA2589E78F0067BA31 /* main.cpp */; };
		8F00FDD22589E7A10067BA31 /* main.cpp in Sources */ = {isa = PBXBuildFile; fileRef = 8F00FDD12589E7A10067BA31 /* main.cpp */; };
		8F00FDEA2589E7AD0067BA31 /* main.cpp in Sources */ = {isa = PBXBuildFile; fileRef = 8F00FDE92589E7AD0067BA31 /* main.cpp */; };
/* End PBXBuildFile section */

/* Begin PBXCopyFilesBuildPhase section */
		8F00FCF82589E67B0067BA31 /* CopyFiles */ = {
			isa = PBXCopyFilesBuildPhase;
			buildActionMask = 2147483647;
			dstPath = /usr/share/man/man1/;
			dstSubfolderSpec = 0;
			files = (
			);
			runOnlyForDeploymentPostprocessing = 1;
		};
		8F00FD072589E6B80067BA31 /* CopyFiles */ = {
			isa = PBXCopyFilesBuildPhase;
			buildActionMask = 2147483647;
			dstPath = /usr/share/man/man1/;
			dstSubfolderSpec = 0;
			files = (
			);
			runOnlyForDeploymentPostprocessing = 1;
		};
		8F00FD142589E6FD0067BA31 /* CopyFiles */ = {
			isa = PBXCopyFilesBuildPhase;
			buildActionMask = 2147483647;
			dstPath = /usr/share/man/man1/;
			dstSubfolderSpec = 0;
			files = (
			);
			runOnlyForDeploymentPostprocessing = 1;
		};
		8F00FD222589E71F0067BA31 /* CopyFiles */ = {
			isa = PBXCopyFilesBuildPhase;
			buildActionMask = 2147483647;
			dstPath = /usr/share/man/man1/;
			dstSubfolderSpec = 0;
			files = (
			);
			runOnlyForDeploymentPostprocessing = 1;
		};
		8F00FD312589E7300067BA31 /* CopyFiles */ = {
			isa = PBXCopyFilesBuildPhase;
			buildActionMask = 2147483647;
			dstPath = /usr/share/man/man1/;
			dstSubfolderSpec = 0;
			files = (
			);
			runOnlyForDeploymentPostprocessing = 1;
		};
		8F00FD412589E73C0067BA31 /* CopyFiles */ = {
			isa = PBXCopyFilesBuildPhase;
			buildActionMask = 2147483647;
			dstPath = /usr/share/man/man1/;
			dstSubfolderSpec = 0;
			files = (
			);
			runOnlyForDeploymentPostprocessing = 1;
		};
		8F00FD522589E7480067BA31 /* CopyFiles */ = {
			isa = PBXCopyFilesBuildPhase;
			buildActionMask = 2147483647;
			dstPath = /usr/share/man/man1/;
			dstSubfolderSpec = 0;
			files = (
			);
			runOnlyForDeploymentPostprocessing = 1;
		};
		8F00FD642589E7530067BA31 /* CopyFiles */ = {
			isa = PBXCopyFilesBuildPhase;
			buildActionMask = 2147483647;
			dstPath = /usr/share/man/man1/;
			dstSubfolderSpec = 0;
			files = (
			);
			runOnlyForDeploymentPostprocessing = 1;
		};
		8F00FD772589E7620067BA31 /* CopyFiles */ = {
			isa = PBXCopyFilesBuildPhase;
			buildActionMask = 2147483647;
			dstPath = /usr/share/man/man1/;
			dstSubfolderSpec = 0;
			files = (
			);
			runOnlyForDeploymentPostprocessing = 1;
		};
		8F00FD8B2589E7710067BA31 /* CopyFiles */ = {
			isa = PBXCopyFilesBuildPhase;
			buildActionMask = 2147483647;
			dstPath = /usr/share/man/man1/;
			dstSubfolderSpec = 0;
			files = (
			);
			runOnlyForDeploymentPostprocessing = 1;
		};
		8F00FDA02589E7820067BA31 /* CopyFiles */ = {
			isa = PBXCopyFilesBuildPhase;
			buildActionMask = 2147483647;
			dstPath = /usr/share/man/man1/;
			dstSubfolderSpec = 0;
			files = (
			);
			runOnlyForDeploymentPostprocessing = 1;
		};
		8F00FDB62589E78F0067BA31 /* CopyFiles */ = {
			isa = PBXCopyFilesBuildPhase;
			buildActionMask = 2147483647;
			dstPath = /usr/share/man/man1/;
			dstSubfolderSpec = 0;
			files = (
			);
			runOnlyForDeploymentPostprocessing = 1;
		};
		8F00FDCD2589E7A10067BA31 /* CopyFiles */ = {
			isa = PBXCopyFilesBuildPhase;
			buildActionMask = 2147483647;
			dstPath = /usr/share/man/man1/;
			dstSubfolderSpec = 0;
			files = (
			);
			runOnlyForDeploymentPostprocessing = 1;
		};
		8F00FDE52589E7AD0067BA31 /* CopyFiles */ = {
			isa = PBXCopyFilesBuildPhase;
			buildActionMask = 2147483647;
			dstPath = /usr/share/man/man1/;
			dstSubfolderSpec = 0;
			files = (
			);
			runOnlyForDeploymentPostprocessing = 1;
		};
/* End PBXCopyFilesBuildPhase section */

/* Begin PBXFileReference section */
		8F00FCFA2589E67B0067BA31 /* Week12(BFS) */ = {isa = PBXFileReference; explicitFileType = "compiled.mach-o.executable"; includeInIndex = 0; path = "Week12(BFS)"; sourceTree = BUILT_PRODUCTS_DIR; };
		8F00FCFD2589E67B0067BA31 /* main.cpp */ = {isa = PBXFileReference; lastKnownFileType = sourcecode.cpp.cpp; path = main.cpp; sourceTree = "<group>"; };
		8F00FD092589E6B80067BA31 /* Problem A (Breadth First Search) */ = {isa = PBXFileReference; explicitFileType = "compiled.mach-o.executable"; includeInIndex = 0; path = "Problem A (Breadth First Search)"; sourceTree = BUILT_PRODUCTS_DIR; };
		8F00FD0B2589E6B80067BA31 /* main.cpp */ = {isa = PBXFileReference; lastKnownFileType = sourcecode.cpp.cpp; path = main.cpp; sourceTree = "<group>"; };
		8F00FD162589E6FD0067BA31 /* Problem B (The Shortest Distance) */ = {isa = PBXFileReference; explicitFileType = "compiled.mach-o.executable"; includeInIndex = 0; path = "Problem B (The Shortest Distance)"; sourceTree = BUILT_PRODUCTS_DIR; };
		8F00FD182589E6FD0067BA31 /* main.cpp */ = {isa = PBXFileReference; lastKnownFileType = sourcecode.cpp.cpp; path = main.cpp; sourceTree = "<group>"; };
		8F00FD242589E71F0067BA31 /* Problem C (Complete graph-2) */ = {isa = PBXFileReference; explicitFileType = "compiled.mach-o.executable"; includeInIndex = 0; path = "Problem C (Complete graph-2)"; sourceTree = BUILT_PRODUCTS_DIR; };
		8F00FD262589E71F0067BA31 /* main.cpp */ = {isa = PBXFileReference; lastKnownFileType = sourcecode.cpp.cpp; path = main.cpp; sourceTree = "<group>"; };
		8F00FD332589E7300067BA31 /* Problem D (Maximum by minimum) */ = {isa = PBXFileReference; explicitFileType = "compiled.mach-o.executable"; includeInIndex = 0; path = "Problem D (Maximum by minimum)"; sourceTree = BUILT_PRODUCTS_DIR; };
		8F00FD352589E7300067BA31 /* main.cpp */ = {isa = PBXFileReference; lastKnownFileType = sourcecode.cpp.cpp; path = main.cpp; sourceTree = "<group>"; };
		8F00FD432589E73C0067BA31 /* Problem E (The shortest path) */ = {isa = PBXFileReference; explicitFileType = "compiled.mach-o.executable"; includeInIndex = 0; path = "Problem E (The shortest path)"; sourceTree = BUILT_PRODUCTS_DIR; };
		8F00FD452589E73C0067BA31 /* main.cpp */ = {isa = PBXFileReference; lastKnownFileType = sourcecode.cpp.cpp; path = main.cpp; sourceTree = "<group>"; };
		8F00FD542589E7480067BA31 /* Problem F (Arson) */ = {isa = PBXFileReference; explicitFileType = "compiled.mach-o.executable"; includeInIndex = 0; path = "Problem F (Arson)"; sourceTree = BUILT_PRODUCTS_DIR; };
		8F00FD562589E7480067BA31 /* main.cpp */ = {isa = PBXFileReference; lastKnownFileType = sourcecode.cpp.cpp; path = main.cpp; sourceTree = "<group>"; };
		8F00FD662589E7530067BA31 /* Problem G (Bitmap) */ = {isa = PBXFileReference; explicitFileType = "compiled.mach-o.executable"; includeInIndex = 0; path = "Problem G (Bitmap)"; sourceTree = BUILT_PRODUCTS_DIR; };
		8F00FD682589E7530067BA31 /* main.cpp */ = {isa = PBXFileReference; lastKnownFileType = sourcecode.cpp.cpp; path = main.cpp; sourceTree = "<group>"; };
		8F00FD792589E7620067BA31 /* Problem H (Breadth First Search 0-1) */ = {isa = PBXFileReference; explicitFileType = "compiled.mach-o.executable"; includeInIndex = 0; path = "Problem H (Breadth First Search 0-1)"; sourceTree = BUILT_PRODUCTS_DIR; };
		8F00FD7B2589E7620067BA31 /* main.cpp */ = {isa = PBXFileReference; lastKnownFileType = sourcecode.cpp.cpp; path = main.cpp; sourceTree = "<group>"; };
		8F00FD8D2589E7710067BA31 /* Problem I (Breadth First Search 0-1-2) */ = {isa = PBXFileReference; explicitFileType = "compiled.mach-o.executable"; includeInIndex = 0; path = "Problem I (Breadth First Search 0-1-2)"; sourceTree = BUILT_PRODUCTS_DIR; };
		8F00FD8F2589E7710067BA31 /* main.cpp */ = {isa = PBXFileReference; lastKnownFileType = sourcecode.cpp.cpp; path = main.cpp; sourceTree = "<group>"; };
		8F00FDA22589E7820067BA31 /* Problem J (Beehives) */ = {isa = PBXFileReference; explicitFileType = "compiled.mach-o.executable"; includeInIndex = 0; path = "Problem J (Beehives)"; sourceTree = BUILT_PRODUCTS_DIR; };
		8F00FDA42589E7820067BA31 /* main.cpp */ = {isa = PBXFileReference; lastKnownFileType = sourcecode.cpp.cpp; path = main.cpp; sourceTree = "<group>"; };
		8F00FDB82589E78F0067BA31 /* Problem K (Longest path in a tree) */ = {isa = PBXFileReference; explicitFileType = "compiled.mach-o.executable"; includeInIndex = 0; path = "Problem K (Longest path in a tree)"; sourceTree = BUILT_PRODUCTS_DIR; };
		8F00FDBA2589E78F0067BA31 /* main.cpp */ = {isa = PBXFileReference; lastKnownFileType = sourcecode.cpp.cpp; path = main.cpp; sourceTree = "<group>"; };
		8F00FDCF2589E7A10067BA31 /* Problem L (Shortest even path) */ = {isa = PBXFileReference; explicitFileType = "compiled.mach-o.executable"; includeInIndex = 0; path = "Problem L (Shortest even path)"; sourceTree = BUILT_PRODUCTS_DIR; };
		8F00FDD12589E7A10067BA31 /* main.cpp */ = {isa = PBXFileReference; lastKnownFileType = sourcecode.cpp.cpp; path = main.cpp; sourceTree = "<group>"; };
		8F00FDE72589E7AD0067BA31 /* Problem M (Transport system) */ = {isa = PBXFileReference; explicitFileType = "compiled.mach-o.executable"; includeInIndex = 0; path = "Problem M (Transport system)"; sourceTree = BUILT_PRODUCTS_DIR; };
		8F00FDE92589E7AD0067BA31 /* main.cpp */ = {isa = PBXFileReference; lastKnownFileType = sourcecode.cpp.cpp; path = main.cpp; sourceTree = "<group>"; };
/* End PBXFileReference section */

/* Begin PBXFrameworksBuildPhase section */
		8F00FCF72589E67B0067BA31 /* Frameworks */ = {
			isa = PBXFrameworksBuildPhase;
			buildActionMask = 2147483647;
			files = (
			);
			runOnlyForDeploymentPostprocessing = 0;
		};
		8F00FD062589E6B80067BA31 /* Frameworks */ = {
			isa = PBXFrameworksBuildPhase;
			buildActionMask = 2147483647;
			files = (
			);
			runOnlyForDeploymentPostprocessing = 0;
		};
		8F00FD132589E6FD0067BA31 /* Frameworks */ = {
			isa = PBXFrameworksBuildPhase;
			buildActionMask = 2147483647;
			files = (
			);
			runOnlyForDeploymentPostprocessing = 0;
		};
		8F00FD212589E71F0067BA31 /* Frameworks */ = {
			isa = PBXFrameworksBuildPhase;
			buildActionMask = 2147483647;
			files = (
			);
			runOnlyForDeploymentPostprocessing = 0;
		};
		8F00FD302589E7300067BA31 /* Frameworks */ = {
			isa = PBXFrameworksBuildPhase;
			buildActionMask = 2147483647;
			files = (
			);
			runOnlyForDeploymentPostprocessing = 0;
		};
		8F00FD402589E73C0067BA31 /* Frameworks */ = {
			isa = PBXFrameworksBuildPhase;
			buildActionMask = 2147483647;
			files = (
			);
			runOnlyForDeploymentPostprocessing = 0;
		};
		8F00FD512589E7480067BA31 /* Frameworks */ = {
			isa = PBXFrameworksBuildPhase;
			buildActionMask = 2147483647;
			files = (
			);
			runOnlyForDeploymentPostprocessing = 0;
		};
		8F00FD632589E7530067BA31 /* Frameworks */ = {
			isa = PBXFrameworksBuildPhase;
			buildActionMask = 2147483647;
			files = (
			);
			runOnlyForDeploymentPostprocessing = 0;
		};
		8F00FD762589E7620067BA31 /* Frameworks */ = {
			isa = PBXFrameworksBuildPhase;
			buildActionMask = 2147483647;
			files = (
			);
			runOnlyForDeploymentPostprocessing = 0;
		};
		8F00FD8A2589E7710067BA31 /* Frameworks */ = {
			isa = PBXFrameworksBuildPhase;
			buildActionMask = 2147483647;
			files = (
			);
			runOnlyForDeploymentPostprocessing = 0;
		};
		8F00FD9F2589E7820067BA31 /* Frameworks */ = {
			isa = PBXFrameworksBuildPhase;
			buildActionMask = 2147483647;
			files = (
			);
			runOnlyForDeploymentPostprocessing = 0;
		};
		8F00FDB52589E78F0067BA31 /* Frameworks */ = {
			isa = PBXFrameworksBuildPhase;
			buildActionMask = 2147483647;
			files = (
			);
			runOnlyForDeploymentPostprocessing = 0;
		};
		8F00FDCC2589E7A10067BA31 /* Frameworks */ = {
			isa = PBXFrameworksBuildPhase;
			buildActionMask = 2147483647;
			files = (
			);
			runOnlyForDeploymentPostprocessing = 0;
		};
		8F00FDE42589E7AD0067BA31 /* Frameworks */ = {
			isa = PBXFrameworksBuildPhase;
			buildActionMask = 2147483647;
			files = (
			);
			runOnlyForDeploymentPostprocessing = 0;
		};
/* End PBXFrameworksBuildPhase section */

/* Begin PBXGroup section */
		8F00FCF12589E67B0067BA31 = {
			isa = PBXGroup;
			children = (
				8F00FCFC2589E67B0067BA31 /* Week12(BFS) */,
				8F00FD0A2589E6B80067BA31 /* Problem A (Breadth First Search) */,
				8F00FD172589E6FD0067BA31 /* Problem B (The Shortest Distance) */,
				8F00FD252589E71F0067BA31 /* Problem C (Complete graph-2) */,
				8F00FD342589E7300067BA31 /* Problem D (Maximum by minimum) */,
				8F00FD442589E73C0067BA31 /* Problem E (The shortest path) */,
				8F00FD552589E7480067BA31 /* Problem F (Arson) */,
				8F00FD672589E7530067BA31 /* Problem G (Bitmap) */,
				8F00FD7A2589E7620067BA31 /* Problem H (Breadth First Search 0-1) */,
				8F00FD8E2589E7710067BA31 /* Problem I (Breadth First Search 0-1-2) */,
				8F00FDA32589E7820067BA31 /* Problem J (Beehives) */,
				8F00FDB92589E78F0067BA31 /* Problem K (Longest path in a tree) */,
				8F00FDD02589E7A10067BA31 /* Problem L (Shortest even path) */,
				8F00FDE82589E7AD0067BA31 /* Problem M (Transport system) */,
				8F00FCFB2589E67B0067BA31 /* Products */,
			);
			sourceTree = "<group>";
		};
		8F00FCFB2589E67B0067BA31 /* Products */ = {
			isa = PBXGroup;
			children = (
				8F00FCFA2589E67B0067BA31 /* Week12(BFS) */,
				8F00FD092589E6B80067BA31 /* Problem A (Breadth First Search) */,
				8F00FD162589E6FD0067BA31 /* Problem B (The Shortest Distance) */,
				8F00FD242589E71F0067BA31 /* Problem C (Complete graph-2) */,
				8F00FD332589E7300067BA31 /* Problem D (Maximum by minimum) */,
				8F00FD432589E73C0067BA31 /* Problem E (The shortest path) */,
				8F00FD542589E7480067BA31 /* Problem F (Arson) */,
				8F00FD662589E7530067BA31 /* Problem G (Bitmap) */,
				8F00FD792589E7620067BA31 /* Problem H (Breadth First Search 0-1) */,
				8F00FD8D2589E7710067BA31 /* Problem I (Breadth First Search 0-1-2) */,
				8F00FDA22589E7820067BA31 /* Problem J (Beehives) */,
				8F00FDB82589E78F0067BA31 /* Problem K (Longest path in a tree) */,
				8F00FDCF2589E7A10067BA31 /* Problem L (Shortest even path) */,
				8F00FDE72589E7AD0067BA31 /* Problem M (Transport system) */,
			);
			name = Products;
			sourceTree = "<group>";
		};
		8F00FCFC2589E67B0067BA31 /* Week12(BFS) */ = {
			isa = PBXGroup;
			children = (
				8F00FCFD2589E67B0067BA31 /* main.cpp */,
			);
			path = "Week12(BFS)";
			sourceTree = "<group>";
		};
		8F00FD0A2589E6B80067BA31 /* Problem A (Breadth First Search) */ = {
			isa = PBXGroup;
			children = (
				8F00FD0B2589E6B80067BA31 /* main.cpp */,
			);
			path = "Problem A (Breadth First Search)";
			sourceTree = "<group>";
		};
		8F00FD172589E6FD0067BA31 /* Problem B (The Shortest Distance) */ = {
			isa = PBXGroup;
			children = (
				8F00FD182589E6FD0067BA31 /* main.cpp */,
			);
			path = "Problem B (The Shortest Distance)";
			sourceTree = "<group>";
		};
		8F00FD252589E71F0067BA31 /* Problem C (Complete graph-2) */ = {
			isa = PBXGroup;
			children = (
				8F00FD262589E71F0067BA31 /* main.cpp */,
			);
			path = "Problem C (Complete graph-2)";
			sourceTree = "<group>";
		};
		8F00FD342589E7300067BA31 /* Problem D (Maximum by minimum) */ = {
			isa = PBXGroup;
			children = (
				8F00FD352589E7300067BA31 /* main.cpp */,
			);
			path = "Problem D (Maximum by minimum)";
			sourceTree = "<group>";
		};
		8F00FD442589E73C0067BA31 /* Problem E (The shortest path) */ = {
			isa = PBXGroup;
			children = (
				8F00FD452589E73C0067BA31 /* main.cpp */,
			);
			path = "Problem E (The shortest path)";
			sourceTree = "<group>";
		};
		8F00FD552589E7480067BA31 /* Problem F (Arson) */ = {
			isa = PBXGroup;
			children = (
				8F00FD562589E7480067BA31 /* main.cpp */,
			);
			path = "Problem F (Arson)";
			sourceTree = "<group>";
		};
		8F00FD672589E7530067BA31 /* Problem G (Bitmap) */ = {
			isa = PBXGroup;
			children = (
				8F00FD682589E7530067BA31 /* main.cpp */,
			);
			path = "Problem G (Bitmap)";
			sourceTree = "<group>";
		};
		8F00FD7A2589E7620067BA31 /* Problem H (Breadth First Search 0-1) */ = {
			isa = PBXGroup;
			children = (
				8F00FD7B2589E7620067BA31 /* main.cpp */,
			);
			path = "Problem H (Breadth First Search 0-1)";
			sourceTree = "<group>";
		};
		8F00FD8E2589E7710067BA31 /* Problem I (Breadth First Search 0-1-2) */ = {
			isa = PBXGroup;
			children = (
				8F00FD8F2589E7710067BA31 /* main.cpp */,
			);
			path = "Problem I (Breadth First Search 0-1-2)";
			sourceTree = "<group>";
		};
		8F00FDA32589E7820067BA31 /* Problem J (Beehives) */ = {
			isa = PBXGroup;
			children = (
				8F00FDA42589E7820067BA31 /* main.cpp */,
			);
			path = "Problem J (Beehives)";
			sourceTree = "<group>";
		};
		8F00FDB92589E78F0067BA31 /* Problem K (Longest path in a tree) */ = {
			isa = PBXGroup;
			children = (
				8F00FDBA2589E78F0067BA31 /* main.cpp */,
			);
			path = "Problem K (Longest path in a tree)";
			sourceTree = "<group>";
		};
		8F00FDD02589E7A10067BA31 /* Problem L (Shortest even path) */ = {
			isa = PBXGroup;
			children = (
				8F00FDD12589E7A10067BA31 /* main.cpp */,
			);
			path = "Problem L (Shortest even path)";
			sourceTree = "<group>";
		};
		8F00FDE82589E7AD0067BA31 /* Problem M (Transport system) */ = {
			isa = PBXGroup;
			children = (
				8F00FDE92589E7AD0067BA31 /* main.cpp */,
			);
			path = "Problem M (Transport system)";
			sourceTree = "<group>";
		};
/* End PBXGroup section */

/* Begin PBXNativeTarget section */
		8F00FCF92589E67B0067BA31 /* Week12(BFS) */ = {
			isa = PBXNativeTarget;
			buildConfigurationList = 8F00FD012589E67B0067BA31 /* Build configuration list for PBXNativeTarget "Week12(BFS)" */;
			buildPhases = (
				8F00FCF62589E67B0067BA31 /* Sources */,
				8F00FCF72589E67B0067BA31 /* Frameworks */,
				8F00FCF82589E67B0067BA31 /* CopyFiles */,
			);
			buildRules = (
			);
			dependencies = (
			);
			name = "Week12(BFS)";
			productName = "Week12(BFS)";
			productReference = 8F00FCFA2589E67B0067BA31 /* Week12(BFS) */;
			productType = "com.apple.product-type.tool";
		};
		8F00FD082589E6B80067BA31 /* Problem A (Breadth First Search) */ = {
			isa = PBXNativeTarget;
			buildConfigurationList = 8F00FD0F2589E6B80067BA31 /* Build configuration list for PBXNativeTarget "Problem A (Breadth First Search)" */;
			buildPhases = (
				8F00FD052589E6B80067BA31 /* Sources */,
				8F00FD062589E6B80067BA31 /* Frameworks */,
				8F00FD072589E6B80067BA31 /* CopyFiles */,
			);
			buildRules = (
			);
			dependencies = (
			);
			name = "Problem A (Breadth First Search)";
			productName = "Problem A (Breadth First Search)";
			productReference = 8F00FD092589E6B80067BA31 /* Problem A (Breadth First Search) */;
			productType = "com.apple.product-type.tool";
		};
		8F00FD152589E6FD0067BA31 /* Problem B (The Shortest Distance) */ = {
			isa = PBXNativeTarget;
			buildConfigurationList = 8F00FD1A2589E6FD0067BA31 /* Build configuration list for PBXNativeTarget "Problem B (The Shortest Distance)" */;
			buildPhases = (
				8F00FD122589E6FD0067BA31 /* Sources */,
				8F00FD132589E6FD0067BA31 /* Frameworks */,
				8F00FD142589E6FD0067BA31 /* CopyFiles */,
			);
			buildRules = (
			);
			dependencies = (
			);
			name = "Problem B (The Shortest Distance)";
			productName = "Problem B (The Shortest Distance)";
			productReference = 8F00FD162589E6FD0067BA31 /* Problem B (The Shortest Distance) */;
			productType = "com.apple.product-type.tool";
		};
		8F00FD232589E71F0067BA31 /* Problem C (Complete graph-2) */ = {
			isa = PBXNativeTarget;
			buildConfigurationList = 8F00FD282589E71F0067BA31 /* Build configuration list for PBXNativeTarget "Problem C (Complete graph-2)" */;
			buildPhases = (
				8F00FD202589E71F0067BA31 /* Sources */,
				8F00FD212589E71F0067BA31 /* Frameworks */,
				8F00FD222589E71F0067BA31 /* CopyFiles */,
			);
			buildRules = (
			);
			dependencies = (
			);
			name = "Problem C (Complete graph-2)";
			productName = "Problem C (Complete graph-2)";
			productReference = 8F00FD242589E71F0067BA31 /* Problem C (Complete graph-2) */;
			productType = "com.apple.product-type.tool";
		};
		8F00FD322589E7300067BA31 /* Problem D (Maximum by minimum) */ = {
			isa = PBXNativeTarget;
			buildConfigurationList = 8F00FD372589E7300067BA31 /* Build configuration list for PBXNativeTarget "Problem D (Maximum by minimum)" */;
			buildPhases = (
				8F00FD2F2589E7300067BA31 /* Sources */,
				8F00FD302589E7300067BA31 /* Frameworks */,
				8F00FD312589E7300067BA31 /* CopyFiles */,
			);
			buildRules = (
			);
			dependencies = (
			);
			name = "Problem D (Maximum by minimum)";
			productName = "Problem D (Maximum by minimum)";
			productReference = 8F00FD332589E7300067BA31 /* Problem D (Maximum by minimum) */;
			productType = "com.apple.product-type.tool";
		};
		8F00FD422589E73C0067BA31 /* Problem E (The shortest path) */ = {
			isa = PBXNativeTarget;
			buildConfigurationList = 8F00FD472589E73C0067BA31 /* Build configuration list for PBXNativeTarget "Problem E (The shortest path)" */;
			buildPhases = (
				8F00FD3F2589E73C0067BA31 /* Sources */,
				8F00FD402589E73C0067BA31 /* Frameworks */,
				8F00FD412589E73C0067BA31 /* CopyFiles */,
			);
			buildRules = (
			);
			dependencies = (
			);
			name = "Problem E (The shortest path)";
			productName = "Problem E (The shortest path)";
			productReference = 8F00FD432589E73C0067BA31 /* Problem E (The shortest path) */;
			productType = "com.apple.product-type.tool";
		};
		8F00FD532589E7480067BA31 /* Problem F (Arson) */ = {
			isa = PBXNativeTarget;
			buildConfigurationList = 8F00FD582589E7480067BA31 /* Build configuration list for PBXNativeTarget "Problem F (Arson)" */;
			buildPhases = (
				8F00FD502589E7480067BA31 /* Sources */,
				8F00FD512589E7480067BA31 /* Frameworks */,
				8F00FD522589E7480067BA31 /* CopyFiles */,
			);
			buildRules = (
			);
			dependencies = (
			);
			name = "Problem F (Arson)";
			productName = "Problem F (Arson)";
			productReference = 8F00FD542589E7480067BA31 /* Problem F (Arson) */;
			productType = "com.apple.product-type.tool";
		};
		8F00FD652589E7530067BA31 /* Problem G (Bitmap) */ = {
			isa = PBXNativeTarget;
			buildConfigurationList = 8F00FD6A2589E7530067BA31 /* Build configuration list for PBXNativeTarget "Problem G (Bitmap)" */;
			buildPhases = (
				8F00FD622589E7530067BA31 /* Sources */,
				8F00FD632589E7530067BA31 /* Frameworks */,
				8F00FD642589E7530067BA31 /* CopyFiles */,
			);
			buildRules = (
			);
			dependencies = (
			);
			name = "Problem G (Bitmap)";
			productName = "Problem G (Bitmap)";
			productReference = 8F00FD662589E7530067BA31 /* Problem G (Bitmap) */;
			productType = "com.apple.product-type.tool";
		};
		8F00FD782589E7620067BA31 /* Problem H (Breadth First Search 0-1) */ = {
			isa = PBXNativeTarget;
			buildConfigurationList = 8F00FD7D2589E7620067BA31 /* Build configuration list for PBXNativeTarget "Problem H (Breadth First Search 0-1)" */;
			buildPhases = (
				8F00FD752589E7620067BA31 /* Sources */,
				8F00FD762589E7620067BA31 /* Frameworks */,
				8F00FD772589E7620067BA31 /* CopyFiles */,
			);
			buildRules = (
			);
			dependencies = (
			);
			name = "Problem H (Breadth First Search 0-1)";
			productName = "Problem H (Breadth First Search 0-1)";
			productReference = 8F00FD792589E7620067BA31 /* Problem H (Breadth First Search 0-1) */;
			productType = "com.apple.product-type.tool";
		};
		8F00FD8C2589E7710067BA31 /* Problem I (Breadth First Search 0-1-2) */ = {
			isa = PBXNativeTarget;
			buildConfigurationList = 8F00FD912589E7710067BA31 /* Build configuration list for PBXNativeTarget "Problem I (Breadth First Search 0-1-2)" */;
			buildPhases = (
				8F00FD892589E7710067BA31 /* Sources */,
				8F00FD8A2589E7710067BA31 /* Frameworks */,
				8F00FD8B2589E7710067BA31 /* CopyFiles */,
			);
			buildRules = (
			);
			dependencies = (
			);
			name = "Problem I (Breadth First Search 0-1-2)";
			productName = "Problem I (Breadth First Search 0-1-2)";
			productReference = 8F00FD8D2589E7710067BA31 /* Problem I (Breadth First Search 0-1-2) */;
			productType = "com.apple.product-type.tool";
		};
		8F00FDA12589E7820067BA31 /* Problem J (Beehives) */ = {
			isa = PBXNativeTarget;
			buildConfigurationList = 8F00FDA62589E7820067BA31 /* Build configuration list for PBXNativeTarget "Problem J (Beehives)" */;
			buildPhases = (
				8F00FD9E2589E7820067BA31 /* Sources */,
				8F00FD9F2589E7820067BA31 /* Frameworks */,
				8F00FDA02589E7820067BA31 /* CopyFiles */,
			);
			buildRules = (
			);
			dependencies = (
			);
			name = "Problem J (Beehives)";
			productName = "Problem J (Beehives)";
			productReference = 8F00FDA22589E7820067BA31 /* Problem J (Beehives) */;
			productType = "com.apple.product-type.tool";
		};
		8F00FDB72589E78F0067BA31 /* Problem K (Longest path in a tree) */ = {
			isa = PBXNativeTarget;
			buildConfigurationList = 8F00FDBC2589E78F0067BA31 /* Build configuration list for PBXNativeTarget "Problem K (Longest path in a tree)" */;
			buildPhases = (
				8F00FDB42589E78F0067BA31 /* Sources */,
				8F00FDB52589E78F0067BA31 /* Frameworks */,
				8F00FDB62589E78F0067BA31 /* CopyFiles */,
			);
			buildRules = (
			);
			dependencies = (
			);
			name = "Problem K (Longest path in a tree)";
			productName = "Problem K (Longest path in a tree)";
			productReference = 8F00FDB82589E78F0067BA31 /* Problem K (Longest path in a tree) */;
			productType = "com.apple.product-type.tool";
		};
		8F00FDCE2589E7A10067BA31 /* Problem L (Shortest even path) */ = {
			isa = PBXNativeTarget;
			buildConfigurationList = 8F00FDD32589E7A10067BA31 /* Build configuration list for PBXNativeTarget "Problem L (Shortest even path)" */;
			buildPhases = (
				8F00FDCB2589E7A10067BA31 /* Sources */,
				8F00FDCC2589E7A10067BA31 /* Frameworks */,
				8F00FDCD2589E7A10067BA31 /* CopyFiles */,
			);
			buildRules = (
			);
			dependencies = (
			);
			name = "Problem L (Shortest even path)";
			productName = "Problem L (Shortest even path)";
			productReference = 8F00FDCF2589E7A10067BA31 /* Problem L (Shortest even path) */;
			productType = "com.apple.product-type.tool";
		};
		8F00FDE62589E7AD0067BA31 /* Problem M (Transport system) */ = {
			isa = PBXNativeTarget;
			buildConfigurationList = 8F00FDEB2589E7AD0067BA31 /* Build configuration list for PBXNativeTarget "Problem M (Transport system)" */;
			buildPhases = (
				8F00FDE32589E7AD0067BA31 /* Sources */,
				8F00FDE42589E7AD0067BA31 /* Frameworks */,
				8F00FDE52589E7AD0067BA31 /* CopyFiles */,
			);
			buildRules = (
			);
			dependencies = (
			);
			name = "Problem M (Transport system)";
			productName = "Problem M (Transport system)";
			productReference = 8F00FDE72589E7AD0067BA31 /* Problem M (Transport system) */;
			productType = "com.apple.product-type.tool";
		};
/* End PBXNativeTarget section */

/* Begin PBXProject section */
		8F00FCF22589E67B0067BA31 /* Project object */ = {
			isa = PBXProject;
			attributes = {
				LastUpgradeCheck = 1220;
				TargetAttributes = {
					8F00FCF92589E67B0067BA31 = {
						CreatedOnToolsVersion = 12.2;
					};
					8F00FD082589E6B80067BA31 = {
						CreatedOnToolsVersion = 12.2;
					};
					8F00FD152589E6FD0067BA31 = {
						CreatedOnToolsVersion = 12.2;
					};
					8F00FD232589E71F0067BA31 = {
						CreatedOnToolsVersion = 12.2;
					};
					8F00FD322589E7300067BA31 = {
						CreatedOnToolsVersion = 12.2;
					};
					8F00FD422589E73C0067BA31 = {
						CreatedOnToolsVersion = 12.2;
					};
					8F00FD532589E7480067BA31 = {
						CreatedOnToolsVersion = 12.2;
					};
					8F00FD652589E7530067BA31 = {
						CreatedOnToolsVersion = 12.2;
					};
					8F00FD782589E7620067BA31 = {
						CreatedOnToolsVersion = 12.2;
					};
					8F00FD8C2589E7710067BA31 = {
						CreatedOnToolsVersion = 12.2;
					};
					8F00FDA12589E7820067BA31 = {
						CreatedOnToolsVersion = 12.2;
					};
					8F00FDB72589E78F0067BA31 = {
						CreatedOnToolsVersion = 12.2;
					};
					8F00FDCE2589E7A10067BA31 = {
						CreatedOnToolsVersion = 12.2;
					};
					8F00FDE62589E7AD0067BA31 = {
						CreatedOnToolsVersion = 12.2;
					};
				};
			};
			buildConfigurationList = 8F00FCF52589E67B0067BA31 /* Build configuration list for PBXProject "Week12(BFS)" */;
			compatibilityVersion = "Xcode 9.3";
			developmentRegion = en;
			hasScannedForEncodings = 0;
			knownRegions = (
				en,
				Base,
			);
			mainGroup = 8F00FCF12589E67B0067BA31;
			productRefGroup = 8F00FCFB2589E67B0067BA31 /* Products */;
			projectDirPath = "";
			projectRoot = "";
			targets = (
				8F00FCF92589E67B0067BA31 /* Week12(BFS) */,
				8F00FD082589E6B80067BA31 /* Problem A (Breadth First Search) */,
				8F00FD152589E6FD0067BA31 /* Problem B (The Shortest Distance) */,
				8F00FD232589E71F0067BA31 /* Problem C (Complete graph-2) */,
				8F00FD322589E7300067BA31 /* Problem D (Maximum by minimum) */,
				8F00FD422589E73C0067BA31 /* Problem E (The shortest path) */,
				8F00FD532589E7480067BA31 /* Problem F (Arson) */,
				8F00FD652589E7530067BA31 /* Problem G (Bitmap) */,
				8F00FD782589E7620067BA31 /* Problem H (Breadth First Search 0-1) */,
				8F00FD8C2589E7710067BA31 /* Problem I (Breadth First Search 0-1-2) */,
				8F00FDA12589E7820067BA31 /* Problem J (Beehives) */,
				8F00FDB72589E78F0067BA31 /* Problem K (Longest path in a tree) */,
				8F00FDCE2589E7A10067BA31 /* Problem L (Shortest even path) */,
				8F00FDE62589E7AD0067BA31 /* Problem M (Transport system) */,
			);
		};
/* End PBXProject section */

/* Begin PBXSourcesBuildPhase section */
		8F00FCF62589E67B0067BA31 /* Sources */ = {
			isa = PBXSourcesBuildPhase;
			buildActionMask = 2147483647;
			files = (
				8F00FCFE2589E67B0067BA31 /* main.cpp in Sources */,
			);
			runOnlyForDeploymentPostprocessing = 0;
		};
		8F00FD052589E6B80067BA31 /* Sources */ = {
			isa = PBXSourcesBuildPhase;
			buildActionMask = 2147483647;
			files = (
				8F00FD0C2589E6B80067BA31 /* main.cpp in Sources */,
			);
			runOnlyForDeploymentPostprocessing = 0;
		};
		8F00FD122589E6FD0067BA31 /* Sources */ = {
			isa = PBXSourcesBuildPhase;
			buildActionMask = 2147483647;
			files = (
				8F00FD192589E6FD0067BA31 /* main.cpp in Sources */,
			);
			runOnlyForDeploymentPostprocessing = 0;
		};
		8F00FD202589E71F0067BA31 /* Sources */ = {
			isa = PBXSourcesBuildPhase;
			buildActionMask = 2147483647;
			files = (
				8F00FD272589E71F0067BA31 /* main.cpp in Sources */,
			);
			runOnlyForDeploymentPostprocessing = 0;
		};
		8F00FD2F2589E7300067BA31 /* Sources */ = {
			isa = PBXSourcesBuildPhase;
			buildActionMask = 2147483647;
			files = (
				8F00FD362589E7300067BA31 /* main.cpp in Sources */,
			);
			runOnlyForDeploymentPostprocessing = 0;
		};
		8F00FD3F2589E73C0067BA31 /* Sources */ = {
			isa = PBXSourcesBuildPhase;
			buildActionMask = 2147483647;
			files = (
				8F00FD462589E73C0067BA31 /* main.cpp in Sources */,
			);
			runOnlyForDeploymentPostprocessing = 0;
		};
		8F00FD502589E7480067BA31 /* Sources */ = {
			isa = PBXSourcesBuildPhase;
			buildActionMask = 2147483647;
			files = (
				8F00FD572589E7480067BA31 /* main.cpp in Sources */,
			);
			runOnlyForDeploymentPostprocessing = 0;
		};
		8F00FD622589E7530067BA31 /* Sources */ = {
			isa = PBXSourcesBuildPhase;
			buildActionMask = 2147483647;
			files = (
				8F00FD692589E7530067BA31 /* main.cpp in Sources */,
			);
			runOnlyForDeploymentPostprocessing = 0;
		};
		8F00FD752589E7620067BA31 /* Sources */ = {
			isa = PBXSourcesBuildPhase;
			buildActionMask = 2147483647;
			files = (
				8F00FD7C2589E7620067BA31 /* main.cpp in Sources */,
			);
			runOnlyForDeploymentPostprocessing = 0;
		};
		8F00FD892589E7710067BA31 /* Sources */ = {
			isa = PBXSourcesBuildPhase;
			buildActionMask = 2147483647;
			files = (
				8F00FD902589E7710067BA31 /* main.cpp in Sources */,
			);
			runOnlyForDeploymentPostprocessing = 0;
		};
		8F00FD9E2589E7820067BA31 /* Sources */ = {
			isa = PBXSourcesBuildPhase;
			buildActionMask = 2147483647;
			files = (
				8F00FDA52589E7820067BA31 /* main.cpp in Sources */,
			);
			runOnlyForDeploymentPostprocessing = 0;
		};
		8F00FDB42589E78F0067BA31 /* Sources */ = {
			isa = PBXSourcesBuildPhase;
			buildActionMask = 2147483647;
			files = (
				8F00FDBB2589E78F0067BA31 /* main.cpp in Sources */,
			);
			runOnlyForDeploymentPostprocessing = 0;
		};
		8F00FDCB2589E7A10067BA31 /* Sources */ = {
			isa = PBXSourcesBuildPhase;
			buildActionMask = 2147483647;
			files = (
				8F00FDD22589E7A10067BA31 /* main.cpp in Sources */,
			);
			runOnlyForDeploymentPostprocessing = 0;
		};
		8F00FDE32589E7AD0067BA31 /* Sources */ = {
			isa = PBXSourcesBuildPhase;
			buildActionMask = 2147483647;
			files = (
				8F00FDEA2589E7AD0067BA31 /* main.cpp in Sources */,
			);
			runOnlyForDeploymentPostprocessing = 0;
		};
/* End PBXSourcesBuildPhase section */

/* Begin XCBuildConfiguration section */
		8F00FCFF2589E67B0067BA31 /* Debug */ = {
			isa = XCBuildConfiguration;
			buildSettings = {
				ALWAYS_SEARCH_USER_PATHS = NO;
				CLANG_ANALYZER_NONNULL = YES;
				CLANG_ANALYZER_NUMBER_OBJECT_CONVERSION = YES_AGGRESSIVE;
				CLANG_CXX_LANGUAGE_STANDARD = "gnu++14";
				CLANG_CXX_LIBRARY = "libc++";
				CLANG_ENABLE_MODULES = YES;
				CLANG_ENABLE_OBJC_ARC = YES;
				CLANG_ENABLE_OBJC_WEAK = YES;
				CLANG_WARN_BLOCK_CAPTURE_AUTORELEASING = YES;
				CLANG_WARN_BOOL_CONVERSION = YES;
				CLANG_WARN_COMMA = YES;
				CLANG_WARN_CONSTANT_CONVERSION = YES;
				CLANG_WARN_DEPRECATED_OBJC_IMPLEMENTATIONS = YES;
				CLANG_WARN_DIRECT_OBJC_ISA_USAGE = YES_ERROR;
				CLANG_WARN_DOCUMENTATION_COMMENTS = YES;
				CLANG_WARN_EMPTY_BODY = YES;
				CLANG_WARN_ENUM_CONVERSION = YES;
				CLANG_WARN_INFINITE_RECURSION = YES;
				CLANG_WARN_INT_CONVERSION = YES;
				CLANG_WARN_NON_LITERAL_NULL_CONVERSION = YES;
				CLANG_WARN_OBJC_IMPLICIT_RETAIN_SELF = YES;
				CLANG_WARN_OBJC_LITERAL_CONVERSION = YES;
				CLANG_WARN_OBJC_ROOT_CLASS = YES_ERROR;
				CLANG_WARN_QUOTED_INCLUDE_IN_FRAMEWORK_HEADER = YES;
				CLANG_WARN_RANGE_LOOP_ANALYSIS = YES;
				CLANG_WARN_STRICT_PROTOTYPES = YES;
				CLANG_WARN_SUSPICIOUS_MOVE = YES;
				CLANG_WARN_UNGUARDED_AVAILABILITY = YES_AGGRESSIVE;
				CLANG_WARN_UNREACHABLE_CODE = YES;
				CLANG_WARN__DUPLICATE_METHOD_MATCH = YES;
				COPY_PHASE_STRIP = NO;
				DEBUG_INFORMATION_FORMAT = dwarf;
				ENABLE_STRICT_OBJC_MSGSEND = YES;
				ENABLE_TESTABILITY = YES;
				GCC_C_LANGUAGE_STANDARD = gnu11;
				GCC_DYNAMIC_NO_PIC = NO;
				GCC_NO_COMMON_BLOCKS = YES;
				GCC_OPTIMIZATION_LEVEL = 0;
				GCC_PREPROCESSOR_DEFINITIONS = (
					"DEBUG=1",
					"$(inherited)",
				);
				GCC_WARN_64_TO_32_BIT_CONVERSION = YES;
				GCC_WARN_ABOUT_RETURN_TYPE = YES_ERROR;
				GCC_WARN_UNDECLARED_SELECTOR = YES;
				GCC_WARN_UNINITIALIZED_AUTOS = YES_AGGRESSIVE;
				GCC_WARN_UNUSED_FUNCTION = YES;
				GCC_WARN_UNUSED_VARIABLE = YES;
				MACOSX_DEPLOYMENT_TARGET = 11.0;
				MTL_ENABLE_DEBUG_INFO = INCLUDE_SOURCE;
				MTL_FAST_MATH = YES;
				ONLY_ACTIVE_ARCH = YES;
				SDKROOT = macosx;
			};
			name = Debug;
		};
		8F00FD002589E67B0067BA31 /* Release */ = {
			isa = XCBuildConfiguration;
			buildSettings = {
				ALWAYS_SEARCH_USER_PATHS = NO;
				CLANG_ANALYZER_NONNULL = YES;
				CLANG_ANALYZER_NUMBER_OBJECT_CONVERSION = YES_AGGRESSIVE;
				CLANG_CXX_LANGUAGE_STANDARD = "gnu++14";
				CLANG_CXX_LIBRARY = "libc++";
				CLANG_ENABLE_MODULES = YES;
				CLANG_ENABLE_OBJC_ARC = YES;
				CLANG_ENABLE_OBJC_WEAK = YES;
				CLANG_WARN_BLOCK_CAPTURE_AUTORELEASING = YES;
				CLANG_WARN_BOOL_CONVERSION = YES;
				CLANG_WARN_COMMA = YES;
				CLANG_WARN_CONSTANT_CONVERSION = YES;
				CLANG_WARN_DEPRECATED_OBJC_IMPLEMENTATIONS = YES;
				CLANG_WARN_DIRECT_OBJC_ISA_USAGE = YES_ERROR;
				CLANG_WARN_DOCUMENTATION_COMMENTS = YES;
				CLANG_WARN_EMPTY_BODY = YES;
				CLANG_WARN_ENUM_CONVERSION = YES;
				CLANG_WARN_INFINITE_RECURSION = YES;
				CLANG_WARN_INT_CONVERSION = YES;
				CLANG_WARN_NON_LITERAL_NULL_CONVERSION = YES;
				CLANG_WARN_OBJC_IMPLICIT_RETAIN_SELF = YES;
				CLANG_WARN_OBJC_LITERAL_CONVERSION = YES;
				CLANG_WARN_OBJC_ROOT_CLASS = YES_ERROR;
				CLANG_WARN_QUOTED_INCLUDE_IN_FRAMEWORK_HEADER = YES;
				CLANG_WARN_RANGE_LOOP_ANALYSIS = YES;
				CLANG_WARN_STRICT_PROTOTYPES = YES;
				CLANG_WARN_SUSPICIOUS_MOVE = YES;
				CLANG_WARN_UNGUARDED_AVAILABILITY = YES_AGGRESSIVE;
				CLANG_WARN_UNREACHABLE_CODE = YES;
				CLANG_WARN__DUPLICATE_METHOD_MATCH = YES;
				COPY_PHASE_STRIP = NO;
				DEBUG_INFORMATION_FORMAT = "dwarf-with-dsym";
				ENABLE_NS_ASSERTIONS = NO;
				ENABLE_STRICT_OBJC_MSGSEND = YES;
				GCC_C_LANGUAGE_STANDARD = gnu11;
				GCC_NO_COMMON_BLOCKS = YES;
				GCC_WARN_64_TO_32_BIT_CONVERSION = YES;
				GCC_WARN_ABOUT_RETURN_TYPE = YES_ERROR;
				GCC_WARN_UNDECLARED_SELECTOR = YES;
				GCC_WARN_UNINITIALIZED_AUTOS = YES_AGGRESSIVE;
				GCC_WARN_UNUSED_FUNCTION = YES;
				GCC_WARN_UNUSED_VARIABLE = YES;
				MACOSX_DEPLOYMENT_TARGET = 11.0;
				MTL_ENABLE_DEBUG_INFO = NO;
				MTL_FAST_MATH = YES;
				SDKROOT = macosx;
			};
			name = Release;
		};
		8F00FD022589E67B0067BA31 /* Debug */ = {
			isa = XCBuildConfiguration;
			buildSettings = {
				CODE_SIGN_STYLE = Automatic;
				DEVELOPMENT_TEAM = 55394Y5CD2;
				ENABLE_HARDENED_RUNTIME = YES;
				PRODUCT_NAME = "$(TARGET_NAME)";
			};
			name = Debug;
		};
		8F00FD032589E67B0067BA31 /* Release */ = {
			isa = XCBuildConfiguration;
			buildSettings = {
				CODE_SIGN_STYLE = Automatic;
				DEVELOPMENT_TEAM = 55394Y5CD2;
				ENABLE_HARDENED_RUNTIME = YES;
				PRODUCT_NAME = "$(TARGET_NAME)";
			};
			name = Release;
		};
		8F00FD0D2589E6B80067BA31 /* Debug */ = {
			isa = XCBuildConfiguration;
			buildSettings = {
				CODE_SIGN_STYLE = Automatic;
				DEVELOPMENT_TEAM = 55394Y5CD2;
				ENABLE_HARDENED_RUNTIME = YES;
				PRODUCT_NAME = "$(TARGET_NAME)";
			};
			name = Debug;
		};
		8F00FD0E2589E6B80067BA31 /* Release */ = {
			isa = XCBuildConfiguration;
			buildSettings = {
				CODE_SIGN_STYLE = Automatic;
				DEVELOPMENT_TEAM = 55394Y5CD2;
				ENABLE_HARDENED_RUNTIME = YES;
				PRODUCT_NAME = "$(TARGET_NAME)";
			};
			name = Release;
		};
		8F00FD1B2589E6FD0067BA31 /* Debug */ = {
			isa = XCBuildConfiguration;
			buildSettings = {
				CODE_SIGN_STYLE = Automatic;
				DEVELOPMENT_TEAM = 55394Y5CD2;
				ENABLE_HARDENED_RUNTIME = YES;
				PRODUCT_NAME = "$(TARGET_NAME)";
			};
			name = Debug;
		};
		8F00FD1C2589E6FD0067BA31 /* Release */ = {
			isa = XCBuildConfiguration;
			buildSettings = {
				CODE_SIGN_STYLE = Automatic;
				DEVELOPMENT_TEAM = 55394Y5CD2;
				ENABLE_HARDENED_RUNTIME = YES;
				PRODUCT_NAME = "$(TARGET_NAME)";
			};
			name = Release;
		};
		8F00FD292589E71F0067BA31 /* Debug */ = {
			isa = XCBuildConfiguration;
			buildSettings = {
				CODE_SIGN_STYLE = Automatic;
				DEVELOPMENT_TEAM = 55394Y5CD2;
				ENABLE_HARDENED_RUNTIME = YES;
				PRODUCT_NAME = "$(TARGET_NAME)";
			};
			name = Debug;
		};
		8F00FD2A2589E71F0067BA31 /* Release */ = {
			isa = XCBuildConfiguration;
			buildSettings = {
				CODE_SIGN_STYLE = Automatic;
				DEVELOPMENT_TEAM = 55394Y5CD2;
				ENABLE_HARDENED_RUNTIME = YES;
				PRODUCT_NAME = "$(TARGET_NAME)";
			};
			name = Release;
		};
		8F00FD382589E7300067BA31 /* Debug */ = {
			isa = XCBuildConfiguration;
			buildSettings = {
				CODE_SIGN_STYLE = Automatic;
				DEVELOPMENT_TEAM = 55394Y5CD2;
				ENABLE_HARDENED_RUNTIME = YES;
				PRODUCT_NAME = "$(TARGET_NAME)";
			};
			name = Debug;
		};
		8F00FD392589E7300067BA31 /* Release */ = {
			isa = XCBuildConfiguration;
			buildSettings = {
				CODE_SIGN_STYLE = Automatic;
				DEVELOPMENT_TEAM = 55394Y5CD2;
				ENABLE_HARDENED_RUNTIME = YES;
				PRODUCT_NAME = "$(TARGET_NAME)";
			};
			name = Release;
		};
		8F00FD482589E73C0067BA31 /* Debug */ = {
			isa = XCBuildConfiguration;
			buildSettings = {
				CODE_SIGN_STYLE = Automatic;
				DEVELOPMENT_TEAM = 55394Y5CD2;
				ENABLE_HARDENED_RUNTIME = YES;
				PRODUCT_NAME = "$(TARGET_NAME)";
			};
			name = Debug;
		};
		8F00FD492589E73C0067BA31 /* Release */ = {
			isa = XCBuildConfiguration;
			buildSettings = {
				CODE_SIGN_STYLE = Automatic;
				DEVELOPMENT_TEAM = 55394Y5CD2;
				ENABLE_HARDENED_RUNTIME = YES;
				PRODUCT_NAME = "$(TARGET_NAME)";
			};
			name = Release;
		};
		8F00FD592589E7480067BA31 /* Debug */ = {
			isa = XCBuildConfiguration;
			buildSettings = {
				CODE_SIGN_STYLE = Automatic;
				DEVELOPMENT_TEAM = 55394Y5CD2;
				ENABLE_HARDENED_RUNTIME = YES;
				PRODUCT_NAME = "$(TARGET_NAME)";
			};
			name = Debug;
		};
		8F00FD5A2589E7480067BA31 /* Release */ = {
			isa = XCBuildConfiguration;
			buildSettings = {
				CODE_SIGN_STYLE = Automatic;
				DEVELOPMENT_TEAM = 55394Y5CD2;
				ENABLE_HARDENED_RUNTIME = YES;
				PRODUCT_NAME = "$(TARGET_NAME)";
			};
			name = Release;
		};
		8F00FD6B2589E7530067BA31 /* Debug */ = {
			isa = XCBuildConfiguration;
			buildSettings = {
				CODE_SIGN_STYLE = Automatic;
				DEVELOPMENT_TEAM = 55394Y5CD2;
				ENABLE_HARDENED_RUNTIME = YES;
				PRODUCT_NAME = "$(TARGET_NAME)";
			};
			name = Debug;
		};
		8F00FD6C2589E7530067BA31 /* Release */ = {
			isa = XCBuildConfiguration;
			buildSettings = {
				CODE_SIGN_STYLE = Automatic;
				DEVELOPMENT_TEAM = 55394Y5CD2;
				ENABLE_HARDENED_RUNTIME = YES;
				PRODUCT_NAME = "$(TARGET_NAME)";
			};
			name = Release;
		};
		8F00FD7E2589E7620067BA31 /* Debug */ = {
			isa = XCBuildConfiguration;
			buildSettings = {
				CODE_SIGN_STYLE = Automatic;
				DEVELOPMENT_TEAM = 55394Y5CD2;
				ENABLE_HARDENED_RUNTIME = YES;
				PRODUCT_NAME = "$(TARGET_NAME)";
			};
			name = Debug;
		};
		8F00FD7F2589E7620067BA31 /* Release */ = {
			isa = XCBuildConfiguration;
			buildSettings = {
				CODE_SIGN_STYLE = Automatic;
				DEVELOPMENT_TEAM = 55394Y5CD2;
				ENABLE_HARDENED_RUNTIME = YES;
				PRODUCT_NAME = "$(TARGET_NAME)";
			};
			name = Release;
		};
		8F00FD922589E7710067BA31 /* Debug */ = {
			isa = XCBuildConfiguration;
			buildSettings = {
				CODE_SIGN_STYLE = Automatic;
				DEVELOPMENT_TEAM = 55394Y5CD2;
				ENABLE_HARDENED_RUNTIME = YES;
				PRODUCT_NAME = "$(TARGET_NAME)";
			};
			name = Debug;
		};
		8F00FD932589E7710067BA31 /* Release */ = {
			isa = XCBuildConfiguration;
			buildSettings = {
				CODE_SIGN_STYLE = Automatic;
				DEVELOPMENT_TEAM = 55394Y5CD2;
				ENABLE_HARDENED_RUNTIME = YES;
				PRODUCT_NAME = "$(TARGET_NAME)";
			};
			name = Release;
		};
		8F00FDA72589E7820067BA31 /* Debug */ = {
			isa = XCBuildConfiguration;
			buildSettings = {
				CODE_SIGN_STYLE = Automatic;
				DEVELOPMENT_TEAM = 55394Y5CD2;
				ENABLE_HARDENED_RUNTIME = YES;
				PRODUCT_NAME = "$(TARGET_NAME)";
			};
			name = Debug;
		};
		8F00FDA82589E7820067BA31 /* Release */ = {
			isa = XCBuildConfiguration;
			buildSettings = {
				CODE_SIGN_STYLE = Automatic;
				DEVELOPMENT_TEAM = 55394Y5CD2;
				ENABLE_HARDENED_RUNTIME = YES;
				PRODUCT_NAME = "$(TARGET_NAME)";
			};
			name = Release;
		};
		8F00FDBD2589E78F0067BA31 /* Debug */ = {
			isa = XCBuildConfiguration;
			buildSettings = {
				CODE_SIGN_STYLE = Automatic;
				DEVELOPMENT_TEAM = 55394Y5CD2;
				ENABLE_HARDENED_RUNTIME = YES;
				PRODUCT_NAME = "$(TARGET_NAME)";
			};
			name = Debug;
		};
		8F00FDBE2589E78F0067BA31 /* Release */ = {
			isa = XCBuildConfiguration;
			buildSettings = {
				CODE_SIGN_STYLE = Automatic;
				DEVELOPMENT_TEAM = 55394Y5CD2;
				ENABLE_HARDENED_RUNTIME = YES;
				PRODUCT_NAME = "$(TARGET_NAME)";
			};
			name = Release;
		};
		8F00FDD42589E7A10067BA31 /* Debug */ = {
			isa = XCBuildConfiguration;
			buildSettings = {
				CODE_SIGN_STYLE = Automatic;
				DEVELOPMENT_TEAM = 55394Y5CD2;
				ENABLE_HARDENED_RUNTIME = YES;
				PRODUCT_NAME = "$(TARGET_NAME)";
			};
			name = Debug;
		};
		8F00FDD52589E7A10067BA31 /* Release */ = {
			isa = XCBuildConfiguration;
			buildSettings = {
				CODE_SIGN_STYLE = Automatic;
				DEVELOPMENT_TEAM = 55394Y5CD2;
				ENABLE_HARDENED_RUNTIME = YES;
				PRODUCT_NAME = "$(TARGET_NAME)";
			};
			name = Release;
		};
		8F00FDEC2589E7AD0067BA31 /* Debug */ = {
			isa = XCBuildConfiguration;
			buildSettings = {
				CODE_SIGN_STYLE = Automatic;
				DEVELOPMENT_TEAM = 55394Y5CD2;
				ENABLE_HARDENED_RUNTIME = YES;
				PRODUCT_NAME = "$(TARGET_NAME)";
			};
			name = Debug;
		};
		8F00FDED2589E7AD0067BA31 /* Release */ = {
			isa = XCBuildConfiguration;
			buildSettings = {
				CODE_SIGN_STYLE = Automatic;
				DEVELOPMENT_TEAM = 55394Y5CD2;
				ENABLE_HARDENED_RUNTIME = YES;
				PRODUCT_NAME = "$(TARGET_NAME)";
			};
			name = Release;
		};
/* End XCBuildConfiguration section */

/* Begin XCConfigurationList section */
		8F00FCF52589E67B0067BA31 /* Build configuration list for PBXProject "Week12(BFS)" */ = {
			isa = XCConfigurationList;
			buildConfigurations = (
				8F00FCFF2589E67B0067BA31 /* Debug */,
				8F00FD002589E67B0067BA31 /* Release */,
			);
			defaultConfigurationIsVisible = 0;
			defaultConfigurationName = Release;
		};
		8F00FD012589E67B0067BA31 /* Build configuration list for PBXNativeTarget "Week12(BFS)" */ = {
			isa = XCConfigurationList;
			buildConfigurations = (
				8F00FD022589E67B0067BA31 /* Debug */,
				8F00FD032589E67B0067BA31 /* Release */,
			);
			defaultConfigurationIsVisible = 0;
			defaultConfigurationName = Release;
		};
		8F00FD0F2589E6B80067BA31 /* Build configuration list for PBXNativeTarget "Problem A (Breadth First Search)" */ = {
			isa = XCConfigurationList;
			buildConfigurations = (
				8F00FD0D2589E6B80067BA31 /* Debug */,
				8F00FD0E2589E6B80067BA31 /* Release */,
			);
			defaultConfigurationIsVisible = 0;
			defaultConfigurationName = Release;
		};
		8F00FD1A2589E6FD0067BA31 /* Build configuration list for PBXNativeTarget "Problem B (The Shortest Distance)" */ = {
			isa = XCConfigurationList;
			buildConfigurations = (
				8F00FD1B2589E6FD0067BA31 /* Debug */,
				8F00FD1C2589E6FD0067BA31 /* Release */,
			);
			defaultConfigurationIsVisible = 0;
			defaultConfigurationName = Release;
		};
		8F00FD282589E71F0067BA31 /* Build configuration list for PBXNativeTarget "Problem C (Complete graph-2)" */ = {
			isa = XCConfigurationList;
			buildConfigurations = (
				8F00FD292589E71F0067BA31 /* Debug */,
				8F00FD2A2589E71F0067BA31 /* Release */,
			);
			defaultConfigurationIsVisible = 0;
			defaultConfigurationName = Release;
		};
		8F00FD372589E7300067BA31 /* Build configuration list for PBXNativeTarget "Problem D (Maximum by minimum)" */ = {
			isa = XCConfigurationList;
			buildConfigurations = (
				8F00FD382589E7300067BA31 /* Debug */,
				8F00FD392589E7300067BA31 /* Release */,
			);
			defaultConfigurationIsVisible = 0;
			defaultConfigurationName = Release;
		};
		8F00FD472589E73C0067BA31 /* Build configuration list for PBXNativeTarget "Problem E (The shortest path)" */ = {
			isa = XCConfigurationList;
			buildConfigurations = (
				8F00FD482589E73C0067BA31 /* Debug */,
				8F00FD492589E73C0067BA31 /* Release */,
			);
			defaultConfigurationIsVisible = 0;
			defaultConfigurationName = Release;
		};
		8F00FD582589E7480067BA31 /* Build configuration list for PBXNativeTarget "Problem F (Arson)" */ = {
			isa = XCConfigurationList;
			buildConfigurations = (
				8F00FD592589E7480067BA31 /* Debug */,
				8F00FD5A2589E7480067BA31 /* Release */,
			);
			defaultConfigurationIsVisible = 0;
			defaultConfigurationName = Release;
		};
		8F00FD6A2589E7530067BA31 /* Build configuration list for PBXNativeTarget "Problem G (Bitmap)" */ = {
			isa = XCConfigurationList;
			buildConfigurations = (
				8F00FD6B2589E7530067BA31 /* Debug */,
				8F00FD6C2589E7530067BA31 /* Release */,
			);
			defaultConfigurationIsVisible = 0;
			defaultConfigurationName = Release;
		};
		8F00FD7D2589E7620067BA31 /* Build configuration list for PBXNativeTarget "Problem H (Breadth First Search 0-1)" */ = {
			isa = XCConfigurationList;
			buildConfigurations = (
				8F00FD7E2589E7620067BA31 /* Debug */,
				8F00FD7F2589E7620067BA31 /* Release */,
			);
			defaultConfigurationIsVisible = 0;
			defaultConfigurationName = Release;
		};
		8F00FD912589E7710067BA31 /* Build configuration list for PBXNativeTarget "Problem I (Breadth First Search 0-1-2)" */ = {
			isa = XCConfigurationList;
			buildConfigurations = (
				8F00FD922589E7710067BA31 /* Debug */,
				8F00FD932589E7710067BA31 /* Release */,
			);
			defaultConfigurationIsVisible = 0;
			defaultConfigurationName = Release;
		};
		8F00FDA62589E7820067BA31 /* Build configuration list for PBXNativeTarget "Problem J (Beehives)" */ = {
			isa = XCConfigurationList;
			buildConfigurations = (
				8F00FDA72589E7820067BA31 /* Debug */,
				8F00FDA82589E7820067BA31 /* Release */,
			);
			defaultConfigurationIsVisible = 0;
			defaultConfigurationName = Release;
		};
		8F00FDBC2589E78F0067BA31 /* Build configuration list for PBXNativeTarget "Problem K (Longest path in a tree)" */ = {
			isa = XCConfigurationList;
			buildConfigurations = (
				8F00FDBD2589E78F0067BA31 /* Debug */,
				8F00FDBE2589E78F0067BA31 /* Release */,
			);
			defaultConfigurationIsVisible = 0;
			defaultConfigurationName = Release;
		};
		8F00FDD32589E7A10067BA31 /* Build configuration list for PBXNativeTarget "Problem L (Shortest even path)" */ = {
			isa = XCConfigurationList;
			buildConfigurations = (
				8F00FDD42589E7A10067BA31 /* Debug */,
				8F00FDD52589E7A10067BA31 /* Release */,
			);
			defaultConfigurationIsVisible = 0;
			defaultConfigurationName = Release;
		};
		8F00FDEB2589E7AD0067BA31 /* Build configuration list for PBXNativeTarget "Problem M (Transport system)" */ = {
			isa = XCConfigurationList;
			buildConfigurations = (
				8F00FDEC2589E7AD0067BA31 /* Debug */,
				8F00FDED2589E7AD0067BA31 /* Release */,
			);
			defaultConfigurationIsVisible = 0;
			defaultConfigurationName = Release;
		};
/* End XCConfigurationList section */
	};
	rootObject = 8F00FCF22589E67B0067BA31 /* Project object */;
}
